// !$*UTF8*$!
{
	archiveVersion = 1;
	classes = {
	};
	objectVersion = 48;
	objects = {

/* Begin PBXBuildFile section */
		6FE7AE141FE0F2B3006DDD24 /* AppDelegate.swift in Sources */ = {isa = PBXBuildFile; fileRef = 6FE7AE131FE0F2B3006DDD24 /* AppDelegate.swift */; };
		6FE7AE161FE0F2B3006DDD24 /* ViewController.swift in Sources */ = {isa = PBXBuildFile; fileRef = 6FE7AE151FE0F2B3006DDD24 /* ViewController.swift */; };
		6FE7AE191FE0F2B3006DDD24 /* Main.storyboard in Resources */ = {isa = PBXBuildFile; fileRef = 6FE7AE171FE0F2B3006DDD24 /* Main.storyboard */; };
		6FE7AE1B1FE0F2B3006DDD24 /* Assets.xcassets in Resources */ = {isa = PBXBuildFile; fileRef = 6FE7AE1A1FE0F2B3006DDD24 /* Assets.xcassets */; };
		6FE7AE1E1FE0F2B3006DDD24 /* LaunchScreen.storyboard in Resources */ = {isa = PBXBuildFile; fileRef = 6FE7AE1C1FE0F2B3006DDD24 /* LaunchScreen.storyboard */; };
		6FE7AE291FE0F2B4006DDD24 /* Service_LocatorTests.swift in Sources */ = {isa = PBXBuildFile; fileRef = 6FE7AE281FE0F2B4006DDD24 /* Service_LocatorTests.swift */; };
		6FE7AE341FE0F2B4006DDD24 /* Service_LocatorUITests.swift in Sources */ = {isa = PBXBuildFile; fileRef = 6FE7AE331FE0F2B4006DDD24 /* Service_LocatorUITests.swift */; };
/* End PBXBuildFile section */

/* Begin PBXContainerItemProxy section */
		6FE7AE251FE0F2B4006DDD24 /* PBXContainerItemProxy */ = {
			isa = PBXContainerItemProxy;
			containerPortal = 6FE7AE081FE0F2B3006DDD24 /* Project object */;
			proxyType = 1;
			remoteGlobalIDString = 6FE7AE0F1FE0F2B3006DDD24;
			remoteInfo = "Service Locator";
		};
		6FE7AE301FE0F2B4006DDD24 /* PBXContainerItemProxy */ = {
			isa = PBXContainerItemProxy;
			containerPortal = 6FE7AE081FE0F2B3006DDD24 /* Project object */;
			proxyType = 1;
			remoteGlobalIDString = 6FE7AE0F1FE0F2B3006DDD24;
			remoteInfo = "Service Locator";
		};
/* End PBXContainerItemProxy section */

/* Begin PBXFileReference section */
		6FE7AE101FE0F2B3006DDD24 /* Service Locator.app */ = {isa = PBXFileReference; explicitFileType = wrapper.application; includeInIndex = 0; path = "Service Locator.app"; sourceTree = BUILT_PRODUCTS_DIR; };
		6FE7AE131FE0F2B3006DDD24 /* AppDelegate.swift */ = {isa = PBXFileReference; lastKnownFileType = sourcecode.swift; path = AppDelegate.swift; sourceTree = "<group>"; };
		6FE7AE151FE0F2B3006DDD24 /* ViewController.swift */ = {isa = PBXFileReference; lastKnownFileType = sourcecode.swift; path = ViewController.swift; sourceTree = "<group>"; };
		6FE7AE181FE0F2B3006DDD24 /* Base */ = {isa = PBXFileReference; lastKnownFileType = file.storyboard; name = Base; path = Base.lproj/Main.storyboard; sourceTree = "<group>"; };
		6FE7AE1A1FE0F2B3006DDD24 /* Assets.xcassets */ = {isa = PBXFileReference; lastKnownFileType = folder.assetcatalog; path = Assets.xcassets; sourceTree = "<group>"; };
		6FE7AE1D1FE0F2B3006DDD24 /* Base */ = {isa = PBXFileReference; lastKnownFileType = file.storyboard; name = Base; path = Base.lproj/LaunchScreen.storyboard; sourceTree = "<group>"; };
		6FE7AE1F1FE0F2B3006DDD24 /* Info.plist */ = {isa = PBXFileReference; lastKnownFileType = text.plist.xml; path = Info.plist; sourceTree = "<group>"; };
		6FE7AE241FE0F2B4006DDD24 /* Service LocatorTests.xctest */ = {isa = PBXFileReference; explicitFileType = wrapper.cfbundle; includeInIndex = 0; path = "Service LocatorTests.xctest"; sourceTree = BUILT_PRODUCTS_DIR; };
		6FE7AE281FE0F2B4006DDD24 /* Service_LocatorTests.swift */ = {isa = PBXFileReference; lastKnownFileType = sourcecode.swift; path = Service_LocatorTests.swift; sourceTree = "<group>"; };
		6FE7AE2A1FE0F2B4006DDD24 /* Info.plist */ = {isa = PBXFileReference; lastKnownFileType = text.plist.xml; path = Info.plist; sourceTree = "<group>"; };
		6FE7AE2F1FE0F2B4006DDD24 /* Service LocatorUITests.xctest */ = {isa = PBXFileReference; explicitFileType = wrapper.cfbundle; includeInIndex = 0; path = "Service LocatorUITests.xctest"; sourceTree = BUILT_PRODUCTS_DIR; };
		6FE7AE331FE0F2B4006DDD24 /* Service_LocatorUITests.swift */ = {isa = PBXFileReference; lastKnownFileType = sourcecode.swift; path = Service_LocatorUITests.swift; sourceTree = "<group>"; };
		6FE7AE351FE0F2B4006DDD24 /* Info.plist */ = {isa = PBXFileReference; lastKnownFileType = text.plist.xml; path = Info.plist; sourceTree = "<group>"; };
/* End PBXFileReference section */

/* Begin PBXFrameworksBuildPhase section */
		6FE7AE0D1FE0F2B3006DDD24 /* Frameworks */ = {
			isa = PBXFrameworksBuildPhase;
			buildActionMask = 2147483647;
			files = (
			);
			runOnlyForDeploymentPostprocessing = 0;
		};
		6FE7AE211FE0F2B4006DDD24 /* Frameworks */ = {
			isa = PBXFrameworksBuildPhase;
			buildActionMask = 2147483647;
			files = (
			);
			runOnlyForDeploymentPostprocessing = 0;
		};
		6FE7AE2C1FE0F2B4006DDD24 /* Frameworks */ = {
			isa = PBXFrameworksBuildPhase;
			buildActionMask = 2147483647;
			files = (
			);
			runOnlyForDeploymentPostprocessing = 0;
		};
/* End PBXFrameworksBuildPhase section */

/* Begin PBXGroup section */
		6FE7AE071FE0F2B3006DDD24 = {
			isa = PBXGroup;
			children = (
				6FE7AE121FE0F2B3006DDD24 /* Service Locator */,
				6FE7AE271FE0F2B4006DDD24 /* Service LocatorTests */,
				6FE7AE321FE0F2B4006DDD24 /* Service LocatorUITests */,
				6FE7AE111FE0F2B3006DDD24 /* Products */,
			);
			sourceTree = "<group>";
		};
		6FE7AE111FE0F2B3006DDD24 /* Products */ = {
			isa = PBXGroup;
			children = (
				6FE7AE101FE0F2B3006DDD24 /* Service Locator.app */,
				6FE7AE241FE0F2B4006DDD24 /* Service LocatorTests.xctest */,
				6FE7AE2F1FE0F2B4006DDD24 /* Service LocatorUITests.xctest */,
			);
			name = Products;
			sourceTree = "<group>";
		};
		6FE7AE121FE0F2B3006DDD24 /* Service Locator */ = {
			isa = PBXGroup;
			children = (
				6FE7AE131FE0F2B3006DDD24 /* AppDelegate.swift */,
				6FE7AE151FE0F2B3006DDD24 /* ViewController.swift */,
				6FE7AE171FE0F2B3006DDD24 /* Main.storyboard */,
				6FE7AE1A1FE0F2B3006DDD24 /* Assets.xcassets */,
				6FE7AE1C1FE0F2B3006DDD24 /* LaunchScreen.storyboard */,
				6FE7AE1F1FE0F2B3006DDD24 /* Info.plist */,
			);
			path = "Service Locator";
			sourceTree = "<group>";
		};
		6FE7AE271FE0F2B4006DDD24 /* Service LocatorTests */ = {
			isa = PBXGroup;
			children = (
				6FE7AE281FE0F2B4006DDD24 /* Service_LocatorTests.swift */,
				6FE7AE2A1FE0F2B4006DDD24 /* Info.plist */,
			);
			path = "Service LocatorTests";
			sourceTree = "<group>";
		};
		6FE7AE321FE0F2B4006DDD24 /* Service LocatorUITests */ = {
			isa = PBXGroup;
			children = (
				6FE7AE331FE0F2B4006DDD24 /* Service_LocatorUITests.swift */,
				6FE7AE351FE0F2B4006DDD24 /* Info.plist */,
			);
			path = "Service LocatorUITests";
			sourceTree = "<group>";
		};
/* End PBXGroup section */

/* Begin PBXNativeTarget section */
		6FE7AE0F1FE0F2B3006DDD24 /* Service Locator */ = {
			isa = PBXNativeTarget;
			buildConfigurationList = 6FE7AE381FE0F2B4006DDD24 /* Build configuration list for PBXNativeTarget "Service Locator" */;
			buildPhases = (
				6FE7AE0C1FE0F2B3006DDD24 /* Sources */,
				6FE7AE0D1FE0F2B3006DDD24 /* Frameworks */,
				6FE7AE0E1FE0F2B3006DDD24 /* Resources */,
			);
			buildRules = (
			);
			dependencies = (
			);
			name = "Service Locator";
			productName = "Service Locator";
			productReference = 6FE7AE101FE0F2B3006DDD24 /* Service Locator.app */;
			productType = "com.apple.product-type.application";
		};
		6FE7AE231FE0F2B4006DDD24 /* Service LocatorTests */ = {
			isa = PBXNativeTarget;
			buildConfigurationList = 6FE7AE3B1FE0F2B4006DDD24 /* Build configuration list for PBXNativeTarget "Service LocatorTests" */;
			buildPhases = (
				6FE7AE201FE0F2B4006DDD24 /* Sources */,
				6FE7AE211FE0F2B4006DDD24 /* Frameworks */,
				6FE7AE221FE0F2B4006DDD24 /* Resources */,
			);
			buildRules = (
			);
			dependencies = (
				6FE7AE261FE0F2B4006DDD24 /* PBXTargetDependency */,
			);
			name = "Service LocatorTests";
			productName = "Service LocatorTests";
			productReference = 6FE7AE241FE0F2B4006DDD24 /* Service LocatorTests.xctest */;
			productType = "com.apple.product-type.bundle.unit-test";
		};
		6FE7AE2E1FE0F2B4006DDD24 /* Service LocatorUITests */ = {
			isa = PBXNativeTarget;
			buildConfigurationList = 6FE7AE3E1FE0F2B4006DDD24 /* Build configuration list for PBXNativeTarget "Service LocatorUITests" */;
			buildPhases = (
				6FE7AE2B1FE0F2B4006DDD24 /* Sources */,
				6FE7AE2C1FE0F2B4006DDD24 /* Frameworks */,
				6FE7AE2D1FE0F2B4006DDD24 /* Resources */,
			);
			buildRules = (
			);
			dependencies = (
				6FE7AE311FE0F2B4006DDD24 /* PBXTargetDependency */,
			);
			name = "Service LocatorUITests";
			productName = "Service LocatorUITests";
			productReference = 6FE7AE2F1FE0F2B4006DDD24 /* Service LocatorUITests.xctest */;
			productType = "com.apple.product-type.bundle.ui-testing";
		};
/* End PBXNativeTarget section */

/* Begin PBXProject section */
		6FE7AE081FE0F2B3006DDD24 /* Project object */ = {
			isa = PBXProject;
			attributes = {
				LastSwiftUpdateCheck = 0910;
				LastUpgradeCheck = 0910;
				ORGANIZATIONNAME = "N A Shashank";
				TargetAttributes = {
					6FE7AE0F1FE0F2B3006DDD24 = {
						CreatedOnToolsVersion = 9.1;
						ProvisioningStyle = Automatic;
					};
					6FE7AE231FE0F2B4006DDD24 = {
						CreatedOnToolsVersion = 9.1;
						ProvisioningStyle = Automatic;
						TestTargetID = 6FE7AE0F1FE0F2B3006DDD24;
					};
					6FE7AE2E1FE0F2B4006DDD24 = {
						CreatedOnToolsVersion = 9.1;
						ProvisioningStyle = Automatic;
						TestTargetID = 6FE7AE0F1FE0F2B3006DDD24;
					};
				};
			};
			buildConfigurationList = 6FE7AE0B1FE0F2B3006DDD24 /* Build configuration list for PBXProject "Service Locator" */;
			compatibilityVersion = "Xcode 8.0";
			developmentRegion = en;
			hasScannedForEncodings = 0;
			knownRegions = (
				en,
				Base,
			);
			mainGroup = 6FE7AE071FE0F2B3006DDD24;
			productRefGroup = 6FE7AE111FE0F2B3006DDD24 /* Products */;
			projectDirPath = "";
			projectRoot = "";
			targets = (
				6FE7AE0F1FE0F2B3006DDD24 /* Service Locator */,
				6FE7AE231FE0F2B4006DDD24 /* Service LocatorTests */,
				6FE7AE2E1FE0F2B4006DDD24 /* Service LocatorUITests */,
			);
		};
/* End PBXProject section */

/* Begin PBXResourcesBuildPhase section */
		6FE7AE0E1FE0F2B3006DDD24 /* Resources */ = {
			isa = PBXResourcesBuildPhase;
			buildActionMask = 2147483647;
			files = (
				6FE7AE1E1FE0F2B3006DDD24 /* LaunchScreen.storyboard in Resources */,
				6FE7AE1B1FE0F2B3006DDD24 /* Assets.xcassets in Resources */,
				6FE7AE191FE0F2B3006DDD24 /* Main.storyboard in Resources */,
			);
			runOnlyForDeploymentPostprocessing = 0;
		};
		6FE7AE221FE0F2B4006DDD24 /* Resources */ = {
			isa = PBXResourcesBuildPhase;
			buildActionMask = 2147483647;
			files = (
			);
			runOnlyForDeploymentPostprocessing = 0;
		};
		6FE7AE2D1FE0F2B4006DDD24 /* Resources */ = {
			isa = PBXResourcesBuildPhase;
			buildActionMask = 2147483647;
			files = (
			);
			runOnlyForDeploymentPostprocessing = 0;
		};
/* End PBXResourcesBuildPhase section */

/* Begin PBXSourcesBuildPhase section */
		6FE7AE0C1FE0F2B3006DDD24 /* Sources */ = {
			isa = PBXSourcesBuildPhase;
			buildActionMask = 2147483647;
			files = (
				6FE7AE161FE0F2B3006DDD24 /* ViewController.swift in Sources */,
				6FE7AE141FE0F2B3006DDD24 /* AppDelegate.swift in Sources */,
			);
			runOnlyForDeploymentPostprocessing = 0;
		};
		6FE7AE201FE0F2B4006DDD24 /* Sources */ = {
			isa = PBXSourcesBuildPhase;
			buildActionMask = 2147483647;
			files = (
				6FE7AE291FE0F2B4006DDD24 /* Service_LocatorTests.swift in Sources */,
			);
			runOnlyForDeploymentPostprocessing = 0;
		};
		6FE7AE2B1FE0F2B4006DDD24 /* Sources */ = {
			isa = PBXSourcesBuildPhase;
			buildActionMask = 2147483647;
			files = (
				6FE7AE341FE0F2B4006DDD24 /* Service_LocatorUITests.swift in Sources */,
			);
			runOnlyForDeploymentPostprocessing = 0;
		};
/* End PBXSourcesBuildPhase section */

/* Begin PBXTargetDependency section */
		6FE7AE261FE0F2B4006DDD24 /* PBXTargetDependency */ = {
			isa = PBXTargetDependency;
			target = 6FE7AE0F1FE0F2B3006DDD24 /* Service Locator */;
			targetProxy = 6FE7AE251FE0F2B4006DDD24 /* PBXContainerItemProxy */;
		};
		6FE7AE311FE0F2B4006DDD24 /* PBXTargetDependency */ = {
			isa = PBXTargetDependency;
			target = 6FE7AE0F1FE0F2B3006DDD24 /* Service Locator */;
			targetProxy = 6FE7AE301FE0F2B4006DDD24 /* PBXContainerItemProxy */;
		};
/* End PBXTargetDependency section */

/* Begin PBXVariantGroup section */
		6FE7AE171FE0F2B3006DDD24 /* Main.storyboard */ = {
			isa = PBXVariantGroup;
			children = (
				6FE7AE181FE0F2B3006DDD24 /* Base */,
			);
			name = Main.storyboard;
			sourceTree = "<group>";
		};
		6FE7AE1C1FE0F2B3006DDD24 /* LaunchScreen.storyboard */ = {
			isa = PBXVariantGroup;
			children = (
				6FE7AE1D1FE0F2B3006DDD24 /* Base */,
			);
			name = LaunchScreen.storyboard;
			sourceTree = "<group>";
		};
/* End PBXVariantGroup section */

/* Begin XCBuildConfiguration section */
		6FE7AE361FE0F2B4006DDD24 /* Debug */ = {
			isa = XCBuildConfiguration;
			buildSettings = {
				ALWAYS_SEARCH_USER_PATHS = NO;
				CLANG_ANALYZER_NONNULL = YES;
				CLANG_ANALYZER_NUMBER_OBJECT_CONVERSION = YES_AGGRESSIVE;
				CLANG_CXX_LANGUAGE_STANDARD = "gnu++14";
				CLANG_CXX_LIBRARY = "libc++";
				CLANG_ENABLE_MODULES = YES;
				CLANG_ENABLE_OBJC_ARC = YES;
				CLANG_WARN_BLOCK_CAPTURE_AUTORELEASING = YES;
				CLANG_WARN_BOOL_CONVERSION = YES;
				CLANG_WARN_COMMA = YES;
				CLANG_WARN_CONSTANT_CONVERSION = YES;
				CLANG_WARN_DIRECT_OBJC_ISA_USAGE = YES_ERROR;
				CLANG_WARN_DOCUMENTATION_COMMENTS = YES;
				CLANG_WARN_EMPTY_BODY = YES;
				CLANG_WARN_ENUM_CONVERSION = YES;
				CLANG_WARN_INFINITE_RECURSION = YES;
				CLANG_WARN_INT_CONVERSION = YES;
				CLANG_WARN_NON_LITERAL_NULL_CONVERSION = YES;
				CLANG_WARN_OBJC_LITERAL_CONVERSION = YES;
				CLANG_WARN_OBJC_ROOT_CLASS = YES_ERROR;
				CLANG_WARN_RANGE_LOOP_ANALYSIS = YES;
				CLANG_WARN_STRICT_PROTOTYPES = YES;
				CLANG_WARN_SUSPICIOUS_MOVE = YES;
				CLANG_WARN_UNGUARDED_AVAILABILITY = YES_AGGRESSIVE;
				CLANG_WARN_UNREACHABLE_CODE = YES;
				CLANG_WARN__DUPLICATE_METHOD_MATCH = YES;
				CODE_SIGN_IDENTITY = "iPhone Developer";
				COPY_PHASE_STRIP = NO;
				DEBUG_INFORMATION_FORMAT = dwarf;
				ENABLE_STRICT_OBJC_MSGSEND = YES;
				ENABLE_TESTABILITY = YES;
				GCC_C_LANGUAGE_STANDARD = gnu11;
				GCC_DYNAMIC_NO_PIC = NO;
				GCC_NO_COMMON_BLOCKS = YES;
				GCC_OPTIMIZATION_LEVEL = 0;
				GCC_PREPROCESSOR_DEFINITIONS = (
					"DEBUG=1",
					"$(inherited)",
				);
				GCC_WARN_64_TO_32_BIT_CONVERSION = YES;
				GCC_WARN_ABOUT_RETURN_TYPE = YES_ERROR;
				GCC_WARN_UNDECLARED_SELECTOR = YES;
				GCC_WARN_UNINITIALIZED_AUTOS = YES_AGGRESSIVE;
				GCC_WARN_UNUSED_FUNCTION = YES;
				GCC_WARN_UNUSED_VARIABLE = YES;
				IPHONEOS_DEPLOYMENT_TARGET = 11.1;
				MTL_ENABLE_DEBUG_INFO = YES;
				ONLY_ACTIVE_ARCH = YES;
				SDKROOT = iphoneos;
				SWIFT_ACTIVE_COMPILATION_CONDITIONS = DEBUG;
				SWIFT_OPTIMIZATION_LEVEL = "-Onone";
			};
			name = Debug;
		};
		6FE7AE371FE0F2B4006DDD24 /* Release */ = {
			isa = XCBuildConfiguration;
			buildSettings = {
				ALWAYS_SEARCH_USER_PATHS = NO;
				CLANG_ANALYZER_NONNULL = YES;
				CLANG_ANALYZER_NUMBER_OBJECT_CONVERSION = YES_AGGRESSIVE;
				CLANG_CXX_LANGUAGE_STANDARD = "gnu++14";
				CLANG_CXX_LIBRARY = "libc++";
				CLANG_ENABLE_MODULES = YES;
				CLANG_ENABLE_OBJC_ARC = YES;
				CLANG_WARN_BLOCK_CAPTURE_AUTORELEASING = YES;
				CLANG_WARN_BOOL_CONVERSION = YES;
				CLANG_WARN_COMMA = YES;
				CLANG_WARN_CONSTANT_CONVERSION = YES;
				CLANG_WARN_DIRECT_OBJC_ISA_USAGE = YES_ERROR;
				CLANG_WARN_DOCUMENTATION_COMMENTS = YES;
				CLANG_WARN_EMPTY_BODY = YES;
				CLANG_WARN_ENUM_CONVERSION = YES;
				CLANG_WARN_INFINITE_RECURSION = YES;
				CLANG_WARN_INT_CONVERSION = YES;
				CLANG_WARN_NON_LITERAL_NULL_CONVERSION = YES;
				CLANG_WARN_OBJC_LITERAL_CONVERSION = YES;
				CLANG_WARN_OBJC_ROOT_CLASS = YES_ERROR;
				CLANG_WARN_RANGE_LOOP_ANALYSIS = YES;
				CLANG_WARN_STRICT_PROTOTYPES = YES;
				CLANG_WARN_SUSPICIOUS_MOVE = YES;
				CLANG_WARN_UNGUARDED_AVAILABILITY = YES_AGGRESSIVE;
				CLANG_WARN_UNREACHABLE_CODE = YES;
				CLANG_WARN__DUPLICATE_METHOD_MATCH = YES;
				CODE_SIGN_IDENTITY = "iPhone Developer";
				COPY_PHASE_STRIP = NO;
				DEBUG_INFORMATION_FORMAT = "dwarf-with-dsym";
				ENABLE_NS_ASSERTIONS = NO;
				ENABLE_STRICT_OBJC_MSGSEND = YES;
				GCC_C_LANGUAGE_STANDARD = gnu11;
				GCC_NO_COMMON_BLOCKS = YES;
				GCC_WARN_64_TO_32_BIT_CONVERSION = YES;
				GCC_WARN_ABOUT_RETURN_TYPE = YES_ERROR;
				GCC_WARN_UNDECLARED_SELECTOR = YES;
				GCC_WARN_UNINITIALIZED_AUTOS = YES_AGGRESSIVE;
				GCC_WARN_UNUSED_FUNCTION = YES;
				GCC_WARN_UNUSED_VARIABLE = YES;
				IPHONEOS_DEPLOYMENT_TARGET = 11.1;
				MTL_ENABLE_DEBUG_INFO = NO;
				SDKROOT = iphoneos;
				SWIFT_OPTIMIZATION_LEVEL = "-Owholemodule";
				VALIDATE_PRODUCT = YES;
			};
			name = Release;
		};
		6FE7AE391FE0F2B4006DDD24 /* Debug */ = {
			isa = XCBuildConfiguration;
			buildSettings = {
				ASSETCATALOG_COMPILER_APPICON_NAME = AppIcon;
				CODE_SIGN_STYLE = Automatic;
				INFOPLIST_FILE = "Service Locator/Info.plist";
				LD_RUNPATH_SEARCH_PATHS = "$(inherited) @executable_path/Frameworks";
				PRODUCT_BUNDLE_IDENTIFIER = "Goavega.Service-Locator";
				PRODUCT_NAME = "$(TARGET_NAME)";
				SWIFT_VERSION = 4.0;
				TARGETED_DEVICE_FAMILY = "1,2";
			};
			name = Debug;
		};
		6FE7AE3A1FE0F2B4006DDD24 /* Release */ = {
			isa = XCBuildConfiguration;
			buildSettings = {
				ASSETCATALOG_COMPILER_APPICON_NAME = AppIcon;
				CODE_SIGN_STYLE = Automatic;
				INFOPLIST_FILE = "Service Locator/Info.plist";
				LD_RUNPATH_SEARCH_PATHS = "$(inherited) @executable_path/Frameworks";
				PRODUCT_BUNDLE_IDENTIFIER = "Goavega.Service-Locator";
				PRODUCT_NAME = "$(TARGET_NAME)";
				SWIFT_VERSION = 4.0;
				TARGETED_DEVICE_FAMILY = "1,2";
			};
			name = Release;
		};
		6FE7AE3C1FE0F2B4006DDD24 /* Debug */ = {
			isa = XCBuildConfiguration;
			buildSettings = {
				ALWAYS_EMBED_SWIFT_STANDARD_LIBRARIES = YES;
				BUNDLE_LOADER = "$(TEST_HOST)";
				CODE_SIGN_STYLE = Automatic;
				INFOPLIST_FILE = "Service LocatorTests/Info.plist";
				LD_RUNPATH_SEARCH_PATHS = "$(inherited) @executable_path/Frameworks @loader_path/Frameworks";
				PRODUCT_BUNDLE_IDENTIFIER = "Goavega.Service-LocatorTests";
				PRODUCT_NAME = "$(TARGET_NAME)";
				SWIFT_VERSION = 4.0;
				TARGETED_DEVICE_FAMILY = "1,2";
				TEST_HOST = "$(BUILT_PRODUCTS_DIR)/Service Locator.app/Service Locator";
			};
			name = Debug;
		};
		6FE7AE3D1FE0F2B4006DDD24 /* Release */ = {
			isa = XCBuildConfiguration;
			buildSettings = {
				ALWAYS_EMBED_SWIFT_STANDARD_LIBRARIES = YES;
				BUNDLE_LOADER = "$(TEST_HOST)";
				CODE_SIGN_STYLE = Automatic;
				INFOPLIST_FILE = "Service LocatorTests/Info.plist";
				LD_RUNPATH_SEARCH_PATHS = "$(inherited) @executable_path/Frameworks @loader_path/Frameworks";
				PRODUCT_BUNDLE_IDENTIFIER = "Goavega.Service-LocatorTests";
				PRODUCT_NAME = "$(TARGET_NAME)";
				SWIFT_VERSION = 4.0;
				TARGETED_DEVICE_FAMILY = "1,2";
				TEST_HOST = "$(BUILT_PRODUCTS_DIR)/Service Locator.app/Service Locator";
			};
			name = Release;
		};
		6FE7AE3F1FE0F2B4006DDD24 /* Debug */ = {
			isa = XCBuildConfiguration;
			buildSettings = {
				ALWAYS_EMBED_SWIFT_STANDARD_LIBRARIES = YES;
				CODE_SIGN_STYLE = Automatic;
				INFOPLIST_FILE = "Service LocatorUITests/Info.plist";
				LD_RUNPATH_SEARCH_PATHS = "$(inherited) @executable_path/Frameworks @loader_path/Frameworks";
				PRODUCT_BUNDLE_IDENTIFIER = "Goavega.Service-LocatorUITests";
				PRODUCT_NAME = "$(TARGET_NAME)";
				SWIFT_VERSION = 4.0;
				TARGETED_DEVICE_FAMILY = "1,2";
				TEST_TARGET_NAME = "Service Locator";
			};
			name = Debug;
		};
		6FE7AE401FE0F2B4006DDD24 /* Release */ = {
			isa = XCBuildConfiguration;
			buildSettings = {
				ALWAYS_EMBED_SWIFT_STANDARD_LIBRARIES = YES;
				CODE_SIGN_STYLE = Automatic;
				INFOPLIST_FILE = "Service LocatorUITests/Info.plist";
				LD_RUNPATH_SEARCH_PATHS = "$(inherited) @executable_path/Frameworks @loader_path/Frameworks";
				PRODUCT_BUNDLE_IDENTIFIER = "Goavega.Service-LocatorUITests";
				PRODUCT_NAME = "$(TARGET_NAME)";
				SWIFT_VERSION = 4.0;
				TARGETED_DEVICE_FAMILY = "1,2";
				TEST_TARGET_NAME = "Service Locator";
			};
			name = Release;
		};
/* End XCBuildConfiguration section */

/* Begin XCConfigurationList section */
		6FE7AE0B1FE0F2B3006DDD24 /* Build configuration list for PBXProject "Service Locator" */ = {
			isa = XCConfigurationList;
			buildConfigurations = (
				6FE7AE361FE0F2B4006DDD24 /* Debug */,
				6FE7AE371FE0F2B4006DDD24 /* Release */,
			);
			defaultConfigurationIsVisible = 0;
			defaultConfigurationName = Release;
		};
		6FE7AE381FE0F2B4006DDD24 /* Build configuration list for PBXNativeTarget "Service Locator" */ = {
			isa = XCConfigurationList;
			buildConfigurations = (
				6FE7AE391FE0F2B4006DDD24 /* Debug */,
				6FE7AE3A1FE0F2B4006DDD24 /* Release */,
			);
			defaultConfigurationIsVisible = 0;
			defaultConfigurationName = Release;
		};
		6FE7AE3B1FE0F2B4006DDD24 /* Build configuration list for PBXNativeTarget "Service LocatorTests" */ = {
			isa = XCConfigurationList;
			buildConfigurations = (
				6FE7AE3C1FE0F2B4006DDD24 /* Debug */,
				6FE7AE3D1FE0F2B4006DDD24 /* Release */,
			);
			defaultConfigurationIsVisible = 0;
			defaultConfigurationName = Release;
		};
		6FE7AE3E1FE0F2B4006DDD24 /* Build configuration list for PBXNativeTarget "Service LocatorUITests" */ = {
			isa = XCConfigurationList;
			buildConfigurations = (
				6FE7AE3F1FE0F2B4006DDD24 /* Debug */,
				6FE7AE401FE0F2B4006DDD24 /* Release */,
			);
			defaultConfigurationIsVisible = 0;
			defaultConfigurationName = Release;
		};
/* End XCConfigurationList section */
	};
	rootObject = 6FE7AE081FE0F2B3006DDD24 /* Project object */;
}
